// !$*UTF8*$!
{
	archiveVersion = 1;
	classes = {
	};
	objectVersion = 46;
	objects = {

/* Begin PBXBuildFile section */
		08B5C19E1F2625EC00C1948D /* AppDelegate.swift in Sources */ = {isa = PBXBuildFile; fileRef = 08B5C19D1F2625EC00C1948D /* AppDelegate.swift */; };
		08B5C1A01F2625EC00C1948D /* ViewController.swift in Sources */ = {isa = PBXBuildFile; fileRef = 08B5C19F1F2625EC00C1948D /* ViewController.swift */; };
		08B5C1A31F2625ED00C1948D /* Main.storyboard in Resources */ = {isa = PBXBuildFile; fileRef = 08B5C1A11F2625ED00C1948D /* Main.storyboard */; };
		08B5C1A51F2625ED00C1948D /* Assets.xcassets in Resources */ = {isa = PBXBuildFile; fileRef = 08B5C1A41F2625ED00C1948D /* Assets.xcassets */; };
		08B5C1A81F2625ED00C1948D /* LaunchScreen.storyboard in Resources */ = {isa = PBXBuildFile; fileRef = 08B5C1A61F2625ED00C1948D /* LaunchScreen.storyboard */; };
		08B5C1B01F26293400C1948D /* icon_star_orange.png in Resources */ = {isa = PBXBuildFile; fileRef = 08B5C1AF1F26293400C1948D /* icon_star_orange.png */; };
		08B5C1B41F26297D00C1948D /* icon_star_outline.png in Resources */ = {isa = PBXBuildFile; fileRef = 08B5C1B31F26297D00C1948D /* icon_star_outline.png */; };
		08B5C1B61F263CBF00C1948D /* aventa_c.png in Resources */ = {isa = PBXBuildFile; fileRef = 08B5C1B51F263CBF00C1948D /* aventa_c.png */; };
		5AE8E44E1F2A373D003EFB3A /* FloatRatingView.swift in Sources */ = {isa = PBXBuildFile; fileRef = 5AE8E44D1F2A373D003EFB3A /* FloatRatingView.swift */; };
		B3C8A6381F272B2C003C1530 /* MyTableViewCell.swift in Sources */ = {isa = PBXBuildFile; fileRef = B3C8A6371F272B2C003C1530 /* MyTableViewCell.swift */; };
/* End PBXBuildFile section */

/* Begin PBXFileReference section */
		08B5C19A1F2625EB00C1948D /* EvaluationContent.app */ = {isa = PBXFileReference; explicitFileType = wrapper.application; includeInIndex = 0; path = EvaluationContent.app; sourceTree = BUILT_PRODUCTS_DIR; };
		08B5C19D1F2625EC00C1948D /* AppDelegate.swift */ = {isa = PBXFileReference; lastKnownFileType = sourcecode.swift; path = AppDelegate.swift; sourceTree = "<group>"; };
		08B5C19F1F2625EC00C1948D /* ViewController.swift */ = {isa = PBXFileReference; lastKnownFileType = sourcecode.swift; path = ViewController.swift; sourceTree = "<group>"; };
		08B5C1A21F2625ED00C1948D /* Base */ = {isa = PBXFileReference; lastKnownFileType = file.storyboard; name = Base; path = Base.lproj/Main.storyboard; sourceTree = "<group>"; };
		08B5C1A41F2625ED00C1948D /* Assets.xcassets */ = {isa = PBXFileReference; lastKnownFileType = folder.assetcatalog; path = Assets.xcassets; sourceTree = "<group>"; };
		08B5C1A71F2625ED00C1948D /* Base */ = {isa = PBXFileReference; lastKnownFileType = file.storyboard; name = Base; path = Base.lproj/LaunchScreen.storyboard; sourceTree = "<group>"; };
		08B5C1A91F2625EE00C1948D /* Info.plist */ = {isa = PBXFileReference; lastKnownFileType = text.plist.xml; path = Info.plist; sourceTree = "<group>"; };
		08B5C1AF1F26293400C1948D /* icon_star_orange.png */ = {isa = PBXFileReference; lastKnownFileType = image.png; path = icon_star_orange.png; sourceTree = "<group>"; };
		08B5C1B31F26297D00C1948D /* icon_star_outline.png */ = {isa = PBXFileReference; lastKnownFileType = image.png; path = icon_star_outline.png; sourceTree = "<group>"; };
		08B5C1B51F263CBF00C1948D /* aventa_c.png */ = {isa = PBXFileReference; lastKnownFileType = image.png; path = aventa_c.png; sourceTree = "<group>"; };
		5AE8E44D1F2A373D003EFB3A /* FloatRatingView.swift */ = {isa = PBXFileReference; fileEncoding = 4; lastKnownFileType = sourcecode.swift; path = FloatRatingView.swift; sourceTree = "<group>"; };
		B3C8A6371F272B2C003C1530 /* MyTableViewCell.swift */ = {isa = PBXFileReference; fileEncoding = 4; lastKnownFileType = sourcecode.swift; path = MyTableViewCell.swift; sourceTree = "<group>"; };
/* End PBXFileReference section */

/* Begin PBXFrameworksBuildPhase section */
		08B5C1971F2625EB00C1948D /* Frameworks */ = {
			isa = PBXFrameworksBuildPhase;
			buildActionMask = 2147483647;
			files = (
			);
			runOnlyForDeploymentPostprocessing = 0;
		};
/* End PBXFrameworksBuildPhase section */

/* Begin PBXGroup section */
		08B5C1911F2625EA00C1948D = {
			isa = PBXGroup;
			children = (
				08B5C19C1F2625EC00C1948D /* EvaluationContent */,
				08B5C19B1F2625EB00C1948D /* Products */,
			);
			sourceTree = "<group>";
		};
		08B5C19B1F2625EB00C1948D /* Products */ = {
			isa = PBXGroup;
			children = (
				08B5C19A1F2625EB00C1948D /* EvaluationContent.app */,
			);
			name = Products;
			sourceTree = "<group>";
		};
		08B5C19C1F2625EC00C1948D /* EvaluationContent */ = {
			isa = PBXGroup;
			children = (
				5AE8E44D1F2A373D003EFB3A /* FloatRatingView.swift */,
				08B5C1B51F263CBF00C1948D /* aventa_c.png */,
				08B5C1B31F26297D00C1948D /* icon_star_outline.png */,
				08B5C1AF1F26293400C1948D /* icon_star_orange.png */,
				08B5C19D1F2625EC00C1948D /* AppDelegate.swift */,
				08B5C19F1F2625EC00C1948D /* ViewController.swift */,
				B3C8A6371F272B2C003C1530 /* MyTableViewCell.swift */,
				08B5C1A11F2625ED00C1948D /* Main.storyboard */,
				08B5C1A41F2625ED00C1948D /* Assets.xcassets */,
				08B5C1A61F2625ED00C1948D /* LaunchScreen.storyboard */,
				08B5C1A91F2625EE00C1948D /* Info.plist */,
			);
			path = EvaluationContent;
			sourceTree = "<group>";
		};
/* End PBXGroup section */

/* Begin PBXNativeTarget section */
		08B5C1991F2625EB00C1948D /* EvaluationContent */ = {
			isa = PBXNativeTarget;
			buildConfigurationList = 08B5C1AC1F2625EE00C1948D /* Build configuration list for PBXNativeTarget "EvaluationContent" */;
			buildPhases = (
				08B5C1961F2625EB00C1948D /* Sources */,
				08B5C1971F2625EB00C1948D /* Frameworks */,
				08B5C1981F2625EB00C1948D /* Resources */,
			);
			buildRules = (
			);
			dependencies = (
			);
			name = EvaluationContent;
			productName = EvaluationContent;
			productReference = 08B5C19A1F2625EB00C1948D /* EvaluationContent.app */;
			productType = "com.apple.product-type.application";
		};
/* End PBXNativeTarget section */

/* Begin PBXProject section */
		08B5C1921F2625EB00C1948D /* Project object */ = {
			isa = PBXProject;
			attributes = {
				LastSwiftUpdateCheck = 0830;
				LastUpgradeCheck = 0830;
				ORGANIZATIONNAME = unision;
				TargetAttributes = {
					08B5C1991F2625EB00C1948D = {
						CreatedOnToolsVersion = 8.3.3;
						ProvisioningStyle = Automatic;
					};
				};
			};
			buildConfigurationList = 08B5C1951F2625EB00C1948D /* Build configuration list for PBXProject "EvaluationContent" */;
			compatibilityVersion = "Xcode 3.2";
			developmentRegion = English;
			hasScannedForEncodings = 0;
			knownRegions = (
				en,
				Base,
			);
			mainGroup = 08B5C1911F2625EA00C1948D;
			productRefGroup = 08B5C19B1F2625EB00C1948D /* Products */;
			projectDirPath = "";
			projectRoot = "";
			targets = (
				08B5C1991F2625EB00C1948D /* EvaluationContent */,
			);
		};
/* End PBXProject section */

/* Begin PBXResourcesBuildPhase section */
		08B5C1981F2625EB00C1948D /* Resources */ = {
			isa = PBXResourcesBuildPhase;
			buildActionMask = 2147483647;
			files = (
				08B5C1B01F26293400C1948D /* icon_star_orange.png in Resources */,
				08B5C1B61F263CBF00C1948D /* aventa_c.png in Resources */,
				08B5C1A81F2625ED00C1948D /* LaunchScreen.storyboard in Resources */,
				08B5C1A51F2625ED00C1948D /* Assets.xcassets in Resources */,
				08B5C1A31F2625ED00C1948D /* Main.storyboard in Resources */,
				08B5C1B41F26297D00C1948D /* icon_star_outline.png in Resources */,
			);
			runOnlyForDeploymentPostprocessing = 0;
		};
/* End PBXResourcesBuildPhase section */

/* Begin PBXSourcesBuildPhase section */
		08B5C1961F2625EB00C1948D /* Sources */ = {
			isa = PBXSourcesBuildPhase;
			buildActionMask = 2147483647;
			files = (
				08B5C1A01F2625EC00C1948D /* ViewController.swift in Sources */,
				08B5C19E1F2625EC00C1948D /* AppDelegate.swift in Sources */,
				5AE8E44E1F2A373D003EFB3A /* FloatRatingView.swift in Sources */,
				B3C8A6381F272B2C003C1530 /* MyTableViewCell.swift in Sources */,
			);
			runOnlyForDeploymentPostprocessing = 0;
		};
/* End PBXSourcesBuildPhase section */

/* Begin PBXVariantGroup section */
		08B5C1A11F2625ED00C1948D /* Main.storyboard */ = {
			isa = PBXVariantGroup;
			children = (
				08B5C1A21F2625ED00C1948D /* Base */,
			);
			name = Main.storyboard;
			sourceTree = "<group>";
		};
		08B5C1A61F2625ED00C1948D /* LaunchScreen.storyboard */ = {
			isa = PBXVariantGroup;
			children = (
				08B5C1A71F2625ED00C1948D /* Base */,
			);
			name = LaunchScreen.storyboard;
			sourceTree = "<group>";
		};
/* End PBXVariantGroup section */

/* Begin XCBuildConfiguration section */
		08B5C1AA1F2625EE00C1948D /* Debug */ = {
			isa = XCBuildConfiguration;
			buildSettings = {
				ALWAYS_SEARCH_USER_PATHS = NO;
				CLANG_ANALYZER_NONNULL = YES;
				CLANG_ANALYZER_NUMBER_OBJECT_CONVERSION = YES_AGGRESSIVE;
				CLANG_CXX_LANGUAGE_STANDARD = "gnu++0x";
				CLANG_CXX_LIBRARY = "libc++";
				CLANG_ENABLE_MODULES = YES;
				CLANG_ENABLE_OBJC_ARC = YES;
				CLANG_WARN_BOOL_CONVERSION = YES;
				CLANG_WARN_CONSTANT_CONVERSION = YES;
				CLANG_WARN_DIRECT_OBJC_ISA_USAGE = YES_ERROR;
				CLANG_WARN_DOCUMENTATION_COMMENTS = YES;
				CLANG_WARN_EMPTY_BODY = YES;
				CLANG_WARN_ENUM_CONVERSION = YES;
				CLANG_WARN_INFINITE_RECURSION = YES;
				CLANG_WARN_INT_CONVERSION = YES;
				CLANG_WARN_OBJC_ROOT_CLASS = YES_ERROR;
				CLANG_WARN_SUSPICIOUS_MOVE = YES;
				CLANG_WARN_UNREACHABLE_CODE = YES;
				CLANG_WARN__DUPLICATE_METHOD_MATCH = YES;
				"CODE_SIGN_IDENTITY[sdk=iphoneos*]" = "iPhone Developer";
				COPY_PHASE_STRIP = NO;
				DEBUG_INFORMATION_FORMAT = dwarf;
				ENABLE_STRICT_OBJC_MSGSEND = YES;
				ENABLE_TESTABILITY = YES;
				GCC_C_LANGUAGE_STANDARD = gnu99;
				GCC_DYNAMIC_NO_PIC = NO;
				GCC_NO_COMMON_BLOCKS = YES;
				GCC_OPTIMIZATION_LEVEL = 0;
				GCC_PREPROCESSOR_DEFINITIONS = (
					"DEBUG=1",
					"$(inherited)",
				);
				GCC_WARN_64_TO_32_BIT_CONVERSION = YES;
				GCC_WARN_ABOUT_RETURN_TYPE = YES_ERROR;
				GCC_WARN_UNDECLARED_SELECTOR = YES;
				GCC_WARN_UNINITIALIZED_AUTOS = YES_AGGRESSIVE;
				GCC_WARN_UNUSED_FUNCTION = YES;
				GCC_WARN_UNUSED_VARIABLE = YES;
				IPHONEOS_DEPLOYMENT_TARGET = 10.3;
				MTL_ENABLE_DEBUG_INFO = YES;
				ONLY_ACTIVE_ARCH = YES;
				SDKROOT = iphoneos;
				SWIFT_ACTIVE_COMPILATION_CONDITIONS = DEBUG;
				SWIFT_OPTIMIZATION_LEVEL = "-Onone";
			};
			name = Debug;
		};
		08B5C1AB1F2625EE00C1948D /* Release */ = {
			isa = XCBuildConfiguration;
			buildSettings = {
				ALWAYS_SEARCH_USER_PATHS = NO;
				CLANG_ANALYZER_NONNULL = YES;
				CLANG_ANALYZER_NUMBER_OBJECT_CONVERSION = YES_AGGRESSIVE;
				CLANG_CXX_LANGUAGE_STANDARD = "gnu++0x";
				CLANG_CXX_LIBRARY = "libc++";
				CLANG_ENABLE_MODULES = YES;
				CLANG_ENABLE_OBJC_ARC = YES;
				CLANG_WARN_BOOL_CONVERSION = YES;
				CLANG_WARN_CONSTANT_CONVERSION = YES;
				CLANG_WARN_DIRECT_OBJC_ISA_USAGE = YES_ERROR;
				CLANG_WARN_DOCUMENTATION_COMMENTS = YES;
				CLANG_WARN_EMPTY_BODY = YES;
				CLANG_WARN_ENUM_CONVERSION = YES;
				CLANG_WARN_INFINITE_RECURSION = YES;
				CLANG_WARN_INT_CONVERSION = YES;
				CLANG_WARN_OBJC_ROOT_CLASS = YES_ERROR;
				CLANG_WARN_SUSPICIOUS_MOVE = YES;
				CLANG_WARN_UNREACHABLE_CODE = YES;
				CLANG_WARN__DUPLICATE_METHOD_MATCH = YES;
				"CODE_SIGN_IDENTITY[sdk=iphoneos*]" = "iPhone Developer";
				COPY_PHASE_STRIP = NO;
				DEBUG_INFORMATION_FORMAT = "dwarf-with-dsym";
				ENABLE_NS_ASSERTIONS = NO;
				ENABLE_STRICT_OBJC_MSGSEND = YES;
				GCC_C_LANGUAGE_STANDARD = gnu99;
				GCC_NO_COMMON_BLOCKS = YES;
				GCC_WARN_64_TO_32_BIT_CONVERSION = YES;
				GCC_WARN_ABOUT_RETURN_TYPE = YES_ERROR;
				GCC_WARN_UNDECLARED_SELECTOR = YES;
				GCC_WARN_UNINITIALIZED_AUTOS = YES_AGGRESSIVE;
				GCC_WARN_UNUSED_FUNCTION = YES;
				GCC_WARN_UNUSED_VARIABLE = YES;
				IPHONEOS_DEPLOYMENT_TARGET = 10.3;
				MTL_ENABLE_DEBUG_INFO = NO;
				SDKROOT = iphoneos;
				SWIFT_OPTIMIZATION_LEVEL = "-Owholemodule";
				VALIDATE_PRODUCT = YES;
			};
			name = Release;
		};
		08B5C1AD1F2625EE00C1948D /* Debug */ = {
			isa = XCBuildConfiguration;
			buildSettings = {
				ASSETCATALOG_COMPILER_APPICON_NAME = AppIcon;
				INFOPLIST_FILE = EvaluationContent/Info.plist;
				LD_RUNPATH_SEARCH_PATHS = "$(inherited) @executable_path/Frameworks";
				PRODUCT_BUNDLE_IDENTIFIER = leo.EvaluationContent;
				PRODUCT_NAME = "$(TARGET_NAME)";
				SWIFT_VERSION = 3.0;
			};
			name = Debug;
		};
		08B5C1AE1F2625EE00C1948D /* Release */ = {
			isa = XCBuildConfiguration;
			buildSettings = {
				ASSETCATALOG_COMPILER_APPICON_NAME = AppIcon;
				INFOPLIST_FILE = EvaluationContent/Info.plist;
				LD_RUNPATH_SEARCH_PATHS = "$(inherited) @executable_path/Frameworks";
				PRODUCT_BUNDLE_IDENTIFIER = leo.EvaluationContent;
				PRODUCT_NAME = "$(TARGET_NAME)";
				SWIFT_VERSION = 3.0;
			};
			name = Release;
		};
/* End XCBuildConfiguration section */

/* Begin XCConfigurationList section */
		08B5C1951F2625EB00C1948D /* Build configuration list for PBXProject "EvaluationContent" */ = {
			isa = XCConfigurationList;
			buildConfigurations = (
				08B5C1AA1F2625EE00C1948D /* Debug */,
				08B5C1AB1F2625EE00C1948D /* Release */,
			);
			defaultConfigurationIsVisible = 0;
			defaultConfigurationName = Release;
		};
		08B5C1AC1F2625EE00C1948D /* Build configuration list for PBXNativeTarget "EvaluationContent" */ = {
			isa = XCConfigurationList;
			buildConfigurations = (
				08B5C1AD1F2625EE00C1948D /* Debug */,
				08B5C1AE1F2625EE00C1948D /* Release */,
			);
			defaultConfigurationIsVisible = 0;
			defaultConfigurationName = Release;
		};
/* End XCConfigurationList section */
	};
	rootObject = 08B5C1921F2625EB00C1948D /* Project object */;
}
